<?xml version="1.0" encoding="utf-8"?>
<Project ToolsVersion="4.0" xmlns="http://schemas.microsoft.com/developer/msbuild/2003">
  <ItemGroup>
    <Filter Include="00. Main">
      <UniqueIdentifier>{ba686dd8-3d48-49dd-ae84-322a3c8ee175}</UniqueIdentifier>
    </Filter>
    <Filter Include="01. Manager">
      <UniqueIdentifier>{b2b24e19-5c5c-4b20-8181-85c7570b8cda}</UniqueIdentifier>
    </Filter>
    <Filter Include="99. Headers">
      <UniqueIdentifier>{22945199-695c-4e3c-9147-b7b44192af3f}</UniqueIdentifier>
    </Filter>
    <Filter Include="00. Main\Network">
      <UniqueIdentifier>{02b49f16-92c6-4733-9f30-fa1ddf641f6f}</UniqueIdentifier>
    </Filter>
    <Filter Include="00. Main\Buffer">
      <UniqueIdentifier>{18395d79-7039-4b54-909e-ddf4eee8529a}</UniqueIdentifier>
    </Filter>
    <Filter Include="02. Utils">
      <UniqueIdentifier>{0890604c-cff4-4d7b-a92a-f711b4de1d34}</UniqueIdentifier>
    </Filter>
    <Filter Include="00. Main\Service">
      <UniqueIdentifier>{a9ca0b98-21be-4134-8c47-d5cec79e55c5}</UniqueIdentifier>
    </Filter>
    <Filter Include="03. Memory">
      <UniqueIdentifier>{eee451b5-7b47-481e-bd90-6d997e496ab9}</UniqueIdentifier>
    </Filter>
    <Filter Include="99. Headers\Extra">
      <UniqueIdentifier>{241ee38d-09d6-478b-80f3-c5cc73474a42}</UniqueIdentifier>
    </Filter>
    <Filter Include="04. DataStructure">
      <UniqueIdentifier>{2fcaaa9f-d09c-48f3-9d96-3a10e020f7ec}</UniqueIdentifier>
    </Filter>
    <Filter Include="05. Application">
      <UniqueIdentifier>{98e2a3c5-5723-4600-8565-8e18935b3c25}</UniqueIdentifier>
    </Filter>
    <Filter Include="00. Main\Network\Object">
      <UniqueIdentifier>{cd5cb751-59f1-472b-9240-4d6bead32c43}</UniqueIdentifier>
    </Filter>
    <Filter Include="00. Main\Network\Behavior">
      <UniqueIdentifier>{088e976b-ba61-4551-a4f2-870c79b3bd37}</UniqueIdentifier>
    </Filter>
    <Filter Include="00. Main\Job">
      <UniqueIdentifier>{32c8ddc3-d1d0-47ed-92da-1b7e75f8b709}</UniqueIdentifier>
    </Filter>
  </ItemGroup>
  <ItemGroup>
    <ClCompile Include="ThreadManager.cpp">
      <Filter>01. Manager</Filter>
    </ClCompile>
    <ClCompile Include="pch.cpp">
      <Filter>99. Headers</Filter>
    </ClCompile>
    <ClCompile Include="TLS.cpp">
      <Filter>99. Headers</Filter>
    </ClCompile>
    <ClCompile Include="IocpCore.cpp">
      <Filter>00. Main\Network</Filter>
    </ClCompile>
    <ClCompile Include="IocpEvent.cpp">
      <Filter>00. Main\Network</Filter>
    </ClCompile>
    <ClCompile Include="SocketManager.cpp">
      <Filter>01. Manager</Filter>
    </ClCompile>
    <ClCompile Include="SendBuffer.cpp">
      <Filter>00. Main\Buffer</Filter>
    </ClCompile>
    <ClCompile Include="RecvBuffer.cpp">
      <Filter>00. Main\Buffer</Filter>
    </ClCompile>
    <ClCompile Include="RawBuffer.cpp">
      <Filter>00. Main\Buffer</Filter>
    </ClCompile>
    <ClCompile Include="NetAddress.cpp">
      <Filter>02. Utils</Filter>
    </ClCompile>
    <ClCompile Include="MemoryPool.cpp">
      <Filter>03. Memory</Filter>
    </ClCompile>
    <ClCompile Include="Service.cpp">
      <Filter>00. Main\Service</Filter>
    </ClCompile>
    <ClCompile Include="BufferReader.cpp">
      <Filter>02. Utils</Filter>
    </ClCompile>
    <ClCompile Include="BufferWriter.cpp">
      <Filter>02. Utils</Filter>
    </ClCompile>
    <ClCompile Include="LockfreeStack.cpp">
      <Filter>04. DataStructure</Filter>
    </ClCompile>
    <ClCompile Include="IocpObject.cpp">
      <Filter>00. Main\Network\Object</Filter>
    </ClCompile>
    <ClCompile Include="Listener.cpp">
      <Filter>00. Main\Network\Object</Filter>
    </ClCompile>
    <ClCompile Include="Session.cpp">
      <Filter>00. Main\Network\Object</Filter>
    </ClCompile>
    <ClCompile Include="PacketSession.cpp">
      <Filter>00. Main\Network\Object</Filter>
    </ClCompile>
    <ClCompile Include="HttpServerService.cpp">
      <Filter>00. Main\Service</Filter>
    </ClCompile>
    <ClCompile Include="HttpClientService.cpp">
      <Filter>00. Main\Service</Filter>
    </ClCompile>
    <ClCompile Include="BehaviorManager.cpp">
      <Filter>01. Manager</Filter>
    </ClCompile>
    <ClCompile Include="BaseBehavior.cpp">
      <Filter>00. Main\Network\Behavior</Filter>
    </ClCompile>
    <ClCompile Include="HttpSession.cpp">
      <Filter>00. Main\Network\Object</Filter>
    </ClCompile>
    <ClCompile Include="Job.cpp" />
  </ItemGroup>
  <ItemGroup>
    <ClInclude Include="ThreadManager.h">
      <Filter>01. Manager</Filter>
    </ClInclude>
    <ClInclude Include="Types.h">
      <Filter>99. Headers</Filter>
    </ClInclude>
    <ClInclude Include="pch.h">
      <Filter>99. Headers</Filter>
    </ClInclude>
    <ClInclude Include="TLS.h">
      <Filter>99. Headers</Filter>
    </ClInclude>
    <ClInclude Include="IocpCore.h">
      <Filter>00. Main\Network</Filter>
    </ClInclude>
    <ClInclude Include="IocpEvent.h">
      <Filter>00. Main\Network</Filter>
    </ClInclude>
    <ClInclude Include="SocketManager.h">
      <Filter>01. Manager</Filter>
    </ClInclude>
    <ClInclude Include="SendBuffer.h">
      <Filter>00. Main\Buffer</Filter>
    </ClInclude>
    <ClInclude Include="RecvBuffer.h">
      <Filter>00. Main\Buffer</Filter>
    </ClInclude>
    <ClInclude Include="RawBuffer.h">
      <Filter>00. Main\Buffer</Filter>
    </ClInclude>
    <ClInclude Include="Defines.h">
      <Filter>99. Headers</Filter>
    </ClInclude>
    <ClInclude Include="NetAddress.h">
      <Filter>02. Utils</Filter>
    </ClInclude>
    <ClInclude Include="MemoryPool.h">
      <Filter>03. Memory</Filter>
    </ClInclude>
    <ClInclude Include="Service.h">
      <Filter>00. Main\Service</Filter>
    </ClInclude>
    <ClInclude Include="BufferReader.h">
      <Filter>02. Utils</Filter>
    </ClInclude>
    <ClInclude Include="BufferWriter.h">
      <Filter>02. Utils</Filter>
    </ClInclude>
    <ClInclude Include="LockfreeStack.h">
      <Filter>04. DataStructure</Filter>
    </ClInclude>
    <ClInclude Include="IocpObject.h">
      <Filter>00. Main\Network\Object</Filter>
    </ClInclude>
    <ClInclude Include="Listener.h">
      <Filter>00. Main\Network\Object</Filter>
    </ClInclude>
    <ClInclude Include="Session.h">
      <Filter>00. Main\Network\Object</Filter>
    </ClInclude>
    <ClInclude Include="PacketSession.h">
      <Filter>00. Main\Network\Object</Filter>
    </ClInclude>
    <ClInclude Include="HttpServerService.h">
      <Filter>00. Main\Service</Filter>
    </ClInclude>
    <ClInclude Include="HttpClientService.h">
      <Filter>00. Main\Service</Filter>
    </ClInclude>
    <ClInclude Include="BehaviorManager.h">
      <Filter>01. Manager</Filter>
    </ClInclude>
    <ClInclude Include="BaseBehavior.h">
      <Filter>00. Main\Network\Behavior</Filter>
    </ClInclude>
    <ClInclude Include="HttpSession.h">
      <Filter>00. Main\Network\Object</Filter>
    </ClInclude>
    <ClInclude Include="Job.h" />
  </ItemGroup>
  <ItemGroup>
    <ResourceCompile Include="ServerEngine.rc" />
  </ItemGroup>
</Project>